
Microsoft Visual Studio Solution File, Format Version 12.00
# Visual Studio Version 17
VisualStudioVersion = 17.1.32414.318
MinimumVisualStudioVersion = 10.0.40219.1
Project("{FAE04EC0-301F-11D3-BF4B-00C04F79EFBC}") = "PickRandomCards", "PickRandomCards\PickRandomCards.csproj", "{F8CEE611-6980-4D62-8017-1999DE4D2BB9}"
EndProject
Global
	GlobalSection(SolutionConfigurationPlatforms) = preSolution
		Debug|Any CPU = Debug|Any CPU
		Release|Any CPU = Release|Any CPU
	EndGlobalSection
	GlobalSection(ProjectConfigurationPlatforms) = postSolution
		{F8CEE611-6980-4D62-8017-1999DE4D2BB9}.Debug|Any CPU.ActiveCfg = Debug|Any CPU
		{F8CEE611-6980-4D62-8017-1999DE4D2BB9}.Debug|Any CPU.Build.0 = Debug|Any CPU
		{F8CEE611-6980-4D62-8017-1999DE4D2BB9}.Release|Any CPU.ActiveCfg = Release|Any CPU
		{F8CEE611-6980-4D62-8017-1999DE4D2BB9}.Release|Any CPU.Build.0 = Release|Any CPU
	EndGlobalSection
	GlobalSection(SolutionProperties) = preSolution
		HideSolutionNode = FALSE
	EndGlobalSection
	GlobalSection(ExtensibilityGlobals) = postSolution
		SolutionGuid = {F01B5CCF-E7F1-4B58-AD81-854877848762}
	EndGlobalSection
EndGlobal
